{
  "originHash" : "73c4650bb413876d90d6a43a2704014e13fa612ee6f87d8d10a301e0b3c14d1e",
  "pins" : [
    {
      "identity" : "couchbase-lite-ios",
      "kind" : "remoteSourceControl",
      "location" : "https://github.com/couchbase/couchbase-lite-ios.git",
      "state" : {
        "revision" : "e57f1dc00c5ccdc6bd624b1303e4e281b32db7dd",
        "version" : "3.3.0"
      }
    }
  ],
  "version" : 3
}
