{
  "originHash" : "63fa82f188001ae0aacee7aa68164e21e43f9a2a55fa17bb529976f1179e01ca",
  "pins" : [
    {
      "identity" : "couchbase-lite-ios",
      "kind" : "remoteSourceControl",
      "location" : "https://github.com/couchbase/couchbase-lite-ios.git",
      "state" : {
        "revision" : "e57f1dc00c5ccdc6bd624b1303e4e281b32db7dd",
        "version" : "3.3.0"
      }
    },
    {
      "identity" : "kmp-nativecoroutines",
      "kind" : "remoteSourceControl",
      "location" : "https://github.com/rickclephas/KMP-NativeCoroutines.git",
      "state" : {
        "branch" : "master",
        "revision" : "c50f752099fe9a037cb6c7de1f4077bf257b5621"
      }
    },
    {
      "identity" : "kmp-observableviewmodel",
      "kind" : "remoteSourceControl",
      "location" : "https://github.com/rickclephas/KMP-ObservableViewModel.git",
      "state" : {
        "branch" : "master",
        "revision" : "f6f15e942f9e231aa0c650d6b82024984573046c"
      }
    },
    {
      "identity" : "rxswift",
      "kind" : "remoteSourceControl",
      "location" : "https://github.com/ReactiveX/RxSwift.git",
      "state" : {
        "revision" : "5004a18539bd68905c5939aa893075f578f4f03d",
        "version" : "6.9.1"
      }
    }
  ],
  "version" : 3
}
